# Generated by pub
# See https://dart.dev/tools/pub/glossary#lockfile
packages:
  barcode_scan2:
    dependency: "direct main"
    description:
      name: barcode_scan2
      sha256: "847ff88888213a3b2866d98839ee6d85e4da8002df83e7971d355d24d5f31c4c"
      url: "https://pub.dev"
    source: hosted
    version: "4.3.0"
  camera:
    dependency: "direct main"
    description:
      name: camera
      sha256: "9499cbc2e51d8eb0beadc158b288380037618ce4e30c9acbc4fae1ac3ecb5797"
      url: "https://pub.dev"
    source: hosted
    version: "0.10.5+9"
  camera_android:
    dependency: transitive
    description:
      name: camera_android
      sha256: "351429510121d179b9aac5a2e8cb525c3cd6c39f4d709c5f72dfb21726e52371"
      url: "https://pub.dev"
    source: hosted
    version: "0.10.8+16"
  camera_avfoundation:
    dependency: transitive
    description:
      name: camera_avfoundation
      sha256: "8b113e43ee4434c9244c03c905432a0d5956cedaded3cd7381abaab89ce50297"
      url: "https://pub.dev"
    source: hosted
    version: "0.9.14+1"
  camera_platform_interface:
    dependency: transitive
    description:
      name: camera_platform_interface
      sha256: a250314a48ea337b35909a4c9d5416a208d736dcb01d0b02c6af122be66660b0
      url: "https://pub.dev"
    source: hosted
    version: "2.7.4"
  camera_web:
    dependency: transitive
    description:
      name: camera_web
      sha256: f18ccfb33b2a7c49a52ad5aa3f07330b7422faaecbdfd9b9fe8e51182f6ad67d
      url: "https://pub.dev"
    source: hosted
    version: "0.3.2+4"
  characters:
    dependency: transitive
    description:
      name: characters
      sha256: "04a925763edad70e8443c99234dc3328f442e811f1d8fd1a72f1c8ad0f69a605"
      url: "https://pub.dev"
    source: hosted
    version: "1.3.0"
  collection:
    dependency: transitive
    description:
      name: collection
      sha256: ee67cb0715911d28db6bf4af1026078bd6f0128b07a5f66fb2ed94ec6783c09a
      url: "https://pub.dev"
    source: hosted
    version: "1.18.0"
  cross_file:
    dependency: transitive
    description:
      name: cross_file
      sha256: "55d7b444feb71301ef6b8838dbc1ae02e63dd48c8773f3810ff53bb1e2945b32"
      url: "https://pub.dev"
    source: hosted
    version: "0.3.4+1"
  cupertino_icons:
    dependency: "direct main"
    description:
      name: cupertino_icons
      sha256: d57953e10f9f8327ce64a508a355f0b1ec902193f66288e8cb5070e7c47eeb2d
      url: "https://pub.dev"
    source: hosted
    version: "1.0.6"
  ffi:
    dependency: transitive
    description:
      name: ffi
      sha256: "493f37e7df1804778ff3a53bd691d8692ddf69702cf4c1c1096a2e41b4779e21"
      url: "https://pub.dev"
    source: hosted
    version: "2.1.2"
  fixnum:
    dependency: transitive
    description:
      name: fixnum
      sha256: "25517a4deb0c03aa0f32fd12db525856438902d9c16536311e76cdc57b31d7d1"
      url: "https://pub.dev"
    source: hosted
    version: "1.1.0"
  flutter:
    dependency: "direct main"
    description: flutter
    source: sdk
    version: "0.0.0"
  flutter_barcode_scanner:
    dependency: transitive
    description:
      name: flutter_barcode_scanner
      sha256: a4ba37daf9933f451a5e812c753ddd045d6354e4a3280342d895b07fecaab3fa
      url: "https://pub.dev"
    source: hosted
    version: "2.0.0"
  flutter_plugin_android_lifecycle:
    dependency: transitive
    description:
      name: flutter_plugin_android_lifecycle
      sha256: b068ffc46f82a55844acfa4fdbb61fad72fa2aef0905548419d97f0f95c456da
      url: "https://pub.dev"
    source: hosted
    version: "2.0.17"
  flutter_web_plugins:
    dependency: transitive
    description: flutter
    source: sdk
    version: "0.0.0"
  js:
    dependency: transitive
    description:
      name: js
      sha256: f2c445dce49627136094980615a031419f7f3eb393237e4ecd97ac15dea343f3
      url: "https://pub.dev"
    source: hosted
    version: "0.6.7"
  material_color_utilities:
    dependency: transitive
    description:
      name: material_color_utilities
      sha256: "0e0a020085b65b6083975e499759762399b4475f766c21668c4ecca34ea74e5a"
      url: "https://pub.dev"
    source: hosted
    version: "0.8.0"
  meta:
    dependency: transitive
    description:
      name: meta
      sha256: d584fa6707a52763a52446f02cc621b077888fb63b93bbcb1143a7be5a0c0c04
      url: "https://pub.dev"
    source: hosted
    version: "1.11.0"
  path:
    dependency: "direct main"
    description:
      name: path
      sha256: "087ce49c3f0dc39180befefc60fdb4acd8f8620e5682fe2476afd0b3688bb4af"
      url: "https://pub.dev"
    source: hosted
    version: "1.9.0"
  permission_handler:
    dependency: transitive
    description:
      name: permission_handler
      sha256: "74e962b7fad7ff75959161bb2c0ad8fe7f2568ee82621c9c2660b751146bfe44"
      url: "https://pub.dev"
    source: hosted
    version: "11.3.0"
  permission_handler_android:
    dependency: transitive
    description:
      name: permission_handler_android
      sha256: "1acac6bae58144b442f11e66621c062aead9c99841093c38f5bcdcc24c1c3474"
      url: "https://pub.dev"
    source: hosted
    version: "12.0.5"
  permission_handler_apple:
    dependency: transitive
    description:
      name: permission_handler_apple
      sha256: bdafc6db74253abb63907f4e357302e6bb786ab41465e8635f362ee71fd8707b
      url: "https://pub.dev"
    source: hosted
    version: "9.4.0"
  permission_handler_html:
    dependency: transitive
    description:
      name: permission_handler_html
      sha256: "54bf176b90f6eddd4ece307e2c06cf977fb3973719c35a93b85cc7093eb6070d"
      url: "https://pub.dev"
    source: hosted
    version: "0.1.1"
  permission_handler_platform_interface:
    dependency: transitive
    description:
      name: permission_handler_platform_interface
      sha256: "23dfba8447c076ab5be3dee9ceb66aad345c4a648f0cac292c77b1eb0e800b78"
      url: "https://pub.dev"
    source: hosted
    version: "4.2.0"
  permission_handler_windows:
    dependency: transitive
    description:
      name: permission_handler_windows
      sha256: "1a790728016f79a41216d88672dbc5df30e686e811ad4e698bfc51f76ad91f1e"
      url: "https://pub.dev"
    source: hosted
    version: "0.2.1"
  plugin_platform_interface:
    dependency: transitive
    description:
      name: plugin_platform_interface
      sha256: "4820fbfdb9478b1ebae27888254d445073732dae3d6ea81f0b7e06d5dedc3f02"
      url: "https://pub.dev"
    source: hosted
    version: "2.1.8"
  protobuf:
    dependency: transitive
    description:
      name: protobuf
      sha256: "68645b24e0716782e58948f8467fd42a880f255096a821f9e7d0ec625b00c84d"
      url: "https://pub.dev"
    source: hosted
    version: "3.1.0"
  salomon_bottom_bar:
    dependency: "direct main"
    description:
      name: salomon_bottom_bar
      sha256: e20abf2e449749432223a8b4e6647c212eef6c2b638e0ed8cc92eff9529c2b48
      url: "https://pub.dev"
    source: hosted
    version: "3.3.2"
  simple_barcode_scanner:
    dependency: "direct main"
    description:
      name: simple_barcode_scanner
      sha256: e14c0b302ffe76f0b61004aa47c36365b5d884fcd745494309e21042667902d3
      url: "https://pub.dev"
    source: hosted
    version: "0.1.1"
  sky_engine:
    dependency: transitive
    description: flutter
    source: sdk
    version: "0.0.99"
  sqflite:
    dependency: "direct main"
    description:
      name: sqflite
      sha256: a9016f495c927cb90557c909ff26a6d92d9bd54fc42ba92e19d4e79d61e798c6
      url: "https://pub.dev"
    source: hosted
    version: "2.3.2"
  sqflite_common:
    dependency: transitive
    description:
      name: sqflite_common
      sha256: "28d8c66baee4968519fb8bd6cdbedad982d6e53359091f0b74544a9f32ec72d5"
      url: "https://pub.dev"
    source: hosted
    version: "2.5.3"
  sqflite_common_ffi:
    dependency: "direct main"
    description:
      name: sqflite_common_ffi
      sha256: "754927d82de369a6b9e760fb60640aa81da650f35ffd468d5a992814d6022908"
      url: "https://pub.dev"
    source: hosted
    version: "2.3.2+1"
  sqlite3:
    dependency: transitive
    description:
      name: sqlite3
      sha256: "072128763f1547e3e9b4735ce846bfd226d68019ccda54db4cd427b12dfdedc9"
      url: "https://pub.dev"
    source: hosted
    version: "2.4.0"
  stream_transform:
    dependency: transitive
    description:
      name: stream_transform
      sha256: "14a00e794c7c11aa145a170587321aedce29769c08d7f58b1d141da75e3b1c6f"
      url: "https://pub.dev"
    source: hosted
    version: "2.1.0"
  synchronized:
    dependency: transitive
    description:
      name: synchronized
      sha256: "539ef412b170d65ecdafd780f924e5be3f60032a1128df156adad6c5b373d558"
      url: "https://pub.dev"
    source: hosted
    version: "3.1.0+1"
  vector_math:
    dependency: transitive
    description:
      name: vector_math
      sha256: "80b3257d1492ce4d091729e3a67a60407d227c27241d6927be0130c98e741803"
      url: "https://pub.dev"
    source: hosted
    version: "2.1.4"
  web:
    dependency: transitive
    description:
      name: web
      sha256: "97da13628db363c635202ad97068d47c5b8aa555808e7a9411963c533b449b27"
      url: "https://pub.dev"
    source: hosted
    version: "0.5.1"
  webview_windows:
    dependency: transitive
    description:
      name: webview_windows
      sha256: "7572089e5d6fe09e790093c499fcb6d76a552250187dbcb89790987b1fb723db"
      url: "https://pub.dev"
    source: hosted
    version: "0.3.0"
sdks:
  dart: ">=3.3.0 <4.0.0"
  flutter: ">=3.16.6"
